
Microsoft Visual Studio Solution File, Format Version 12.00
# Visual Studio Version 17
VisualStudioVersion = 17.3.32929.385
MinimumVisualStudioVersion = 10.0.40219.1
Project("{FAE04EC0-301F-11D3-BF4B-00C04F79EFBC}") = "FindMaximum", "FindMaximum.csproj", "{590E6DF8-7442-4FB5-AAE3-3641D6B5A037}"
EndProject
Global
	GlobalSection(SolutionConfigurationPlatforms) = preSolution
		Debug|Any CPU = Debug|Any CPU
		Release|Any CPU = Release|Any CPU
	EndGlobalSection
	GlobalSection(ProjectConfigurationPlatforms) = postSolution
		{590E6DF8-7442-4FB5-AAE3-3641D6B5A037}.Debug|Any CPU.ActiveCfg = Debug|Any CPU
		{590E6DF8-7442-4FB5-AAE3-3641D6B5A037}.Debug|Any CPU.Build.0 = Debug|Any CPU
		{590E6DF8-7442-4FB5-AAE3-3641D6B5A037}.Release|Any CPU.ActiveCfg = Release|Any CPU
		{590E6DF8-7442-4FB5-AAE3-3641D6B5A037}.Release|Any CPU.Build.0 = Release|Any CPU
	EndGlobalSection
	GlobalSection(SolutionProperties) = preSolution
		HideSolutionNode = FALSE
	EndGlobalSection
	GlobalSection(ExtensibilityGlobals) = postSolution
		SolutionGuid = {6712432B-E602-412C-9770-C26389CB08A4}
	EndGlobalSection
EndGlobal
